
Microsoft Visual Studio Solution File, Format Version 12.00
# Visual Studio Version 16
VisualStudioVersion = 16.0.29025.244
MinimumVisualStudioVersion = 10.0.40219.1
Project("{FAE04EC0-301F-11D3-BF4B-00C04F79EFBC}") = "TodoApi", "TodoApi.csproj", "{22C534B2-DBCB-4E28-A25B-ABF4475B1DDC}"
EndProject
Global
	GlobalSection(SolutionConfigurationPlatforms) = preSolution
		Debug|Any CPU = Debug|Any CPU
		Release|Any CPU = Release|Any CPU
	EndGlobalSection
	GlobalSection(ProjectConfigurationPlatforms) = postSolution
		{22C534B2-DBCB-4E28-A25B-ABF4475B1DDC}.Debug|Any CPU.ActiveCfg = Debug|Any CPU
		{22C534B2-DBCB-4E28-A25B-ABF4475B1DDC}.Debug|Any CPU.Build.0 = Debug|Any CPU
		{22C534B2-DBCB-4E28-A25B-ABF4475B1DDC}.Release|Any CPU.ActiveCfg = Release|Any CPU
		{22C534B2-DBCB-4E28-A25B-ABF4475B1DDC}.Release|Any CPU.Build.0 = Release|Any CPU
	EndGlobalSection
	GlobalSection(SolutionProperties) = preSolution
		HideSolutionNode = FALSE
	EndGlobalSection
	GlobalSection(ExtensibilityGlobals) = postSolution
		SolutionGuid = {9ABEDD77-BC92-46D4-BC6C-FAD5932F1052}
	EndGlobalSection
EndGlobal
